{
  "originHash" : "46bfb6fc7037e01234f54ed525a34fdfcb4fe17caaa83c2caf1ad864fd5008e0",
  "pins" : [
    {
      "identity" : "keychain-swift",
      "kind" : "remoteSourceControl",
      "location" : "https://github.com/evgenyneu/keychain-swift",
      "state" : {
        "revision" : "5e1b02b6a9dac2a759a1d5dbc175c86bd192a608",
        "version" : "24.0.0"
      }
    },
    {
      "identity" : "kingfisher",
      "kind" : "remoteSourceControl",
      "location" : "https://github.com/onevcat/Kingfisher.git",
      "state" : {
        "revision" : "c0940e241945e6378c01fbd45fd3815579d47ef5",
        "version" : "8.1.0"
      }
    }
  ],
  "version" : 3
}
